
Microsoft Visual Studio Solution File, Format Version 12.00
# Visual Studio Version 17
VisualStudioVersion = 17.14.36518.9
MinimumVisualStudioVersion = 10.0.40219.1
Project("{FAE04EC0-301F-11D3-BF4B-00C04F79EFBC}") = "MMtoInchconverter", "MMtoInchconverter\MMtoInchconverter.csproj", "{6E9B98F5-9FA6-4748-9E45-3D9179C7A04B}"
EndProject
Global
	GlobalSection(SolutionConfigurationPlatforms) = preSolution
		Debug|Any CPU = Debug|Any CPU
		Release|Any CPU = Release|Any CPU
	EndGlobalSection
	GlobalSection(ProjectConfigurationPlatforms) = postSolution
		{6E9B98F5-9FA6-4748-9E45-3D9179C7A04B}.Debug|Any CPU.ActiveCfg = Debug|Any CPU
		{6E9B98F5-9FA6-4748-9E45-3D9179C7A04B}.Debug|Any CPU.Build.0 = Debug|Any CPU
		{6E9B98F5-9FA6-4748-9E45-3D9179C7A04B}.Release|Any CPU.ActiveCfg = Release|Any CPU
		{6E9B98F5-9FA6-4748-9E45-3D9179C7A04B}.Release|Any CPU.Build.0 = Release|Any CPU
	EndGlobalSection
	GlobalSection(SolutionProperties) = preSolution
		HideSolutionNode = FALSE
	EndGlobalSection
	GlobalSection(ExtensibilityGlobals) = postSolution
		SolutionGuid = {47375FBB-92A0-41E6-A36D-9DE9C1C8F0E6}
	EndGlobalSection
EndGlobal
